Microsoft Visual Studio Solution File, Format Version 11.00
# Visual Studio 2008

Project("{718C4CE1-C89E-4734-E21E-4248EE6BDFFC}") = "ShowCaseProject1", "Assembly-CSharp-firstpass.csproj", "{C6779C27-DF81-2831-FF58-A36FC60001DB}"
EndProject
Project("{718C4CE1-C89E-4734-E21E-4248EE6BDFFC}") = "ShowCaseProject1", "Assembly-CSharp.csproj", "{A143346E-0261-50E2-3716-FC2A69924228}"
EndProject
Project("{718C4CE1-C89E-4734-E21E-4248EE6BDFFC}") = "ShowCaseProject1", "Assembly-CSharp-Editor.csproj", "{D7032CF7-E518-C070-A1E0-7E4E454A3076}"
EndProject
Project("{718C4CE1-C89E-4734-E21E-4248EE6BDFFC}") = "ShowCaseProject1", "Assembly-UnityScript-firstpass.unityproj", "{16180DEF-C5F4-3EEE-29F5-AB268725BDA5}"
EndProject
Project("{718C4CE1-C89E-4734-E21E-4248EE6BDFFC}") = "ShowCaseProject1", "Assembly-UnityScript.unityproj", "{E032F2E7-6262-EEE9-4731-13BCEFDF702A}"
EndProject
Project("{718C4CE1-C89E-4734-E21E-4248EE6BDFFC}") = "ShowCaseProject1", "Assembly-UnityScript-Editor-firstpass.unityproj", "{A2291698-A25F-4C3D-CD8A-BE5288D4B748}"
EndProject
Global
	GlobalSection(SolutionConfigurationPlatforms) = preSolution
		Debug|Any CPU = Debug|Any CPU
		Release|Any CPU = Release|Any CPU
	EndGlobalSection
	GlobalSection(ProjectConfigurationPlatforms) = postSolution
		{C6779C27-DF81-2831-FF58-A36FC60001DB}.Debug|Any CPU.ActiveCfg = Debug|Any CPU
		{C6779C27-DF81-2831-FF58-A36FC60001DB}.Debug|Any CPU.Build.0 = Debug|Any CPU
		{C6779C27-DF81-2831-FF58-A36FC60001DB}.Release|Any CPU.ActiveCfg = Release|Any CPU
		{C6779C27-DF81-2831-FF58-A36FC60001DB}.Release|Any CPU.Build.0 = Release|Any CPU
		{A143346E-0261-50E2-3716-FC2A69924228}.Debug|Any CPU.ActiveCfg = Debug|Any CPU
		{A143346E-0261-50E2-3716-FC2A69924228}.Debug|Any CPU.Build.0 = Debug|Any CPU
		{A143346E-0261-50E2-3716-FC2A69924228}.Release|Any CPU.ActiveCfg = Release|Any CPU
		{A143346E-0261-50E2-3716-FC2A69924228}.Release|Any CPU.Build.0 = Release|Any CPU
		{D7032CF7-E518-C070-A1E0-7E4E454A3076}.Debug|Any CPU.ActiveCfg = Debug|Any CPU
		{D7032CF7-E518-C070-A1E0-7E4E454A3076}.Debug|Any CPU.Build.0 = Debug|Any CPU
		{D7032CF7-E518-C070-A1E0-7E4E454A3076}.Release|Any CPU.ActiveCfg = Release|Any CPU
		{D7032CF7-E518-C070-A1E0-7E4E454A3076}.Release|Any CPU.Build.0 = Release|Any CPU
		{16180DEF-C5F4-3EEE-29F5-AB268725BDA5}.Debug|Any CPU.ActiveCfg = Debug|Any CPU
		{16180DEF-C5F4-3EEE-29F5-AB268725BDA5}.Debug|Any CPU.Build.0 = Debug|Any CPU
		{16180DEF-C5F4-3EEE-29F5-AB268725BDA5}.Release|Any CPU.ActiveCfg = Release|Any CPU
		{16180DEF-C5F4-3EEE-29F5-AB268725BDA5}.Release|Any CPU.Build.0 = Release|Any CPU
		{E032F2E7-6262-EEE9-4731-13BCEFDF702A}.Debug|Any CPU.ActiveCfg = Debug|Any CPU
		{E032F2E7-6262-EEE9-4731-13BCEFDF702A}.Debug|Any CPU.Build.0 = Debug|Any CPU
		{E032F2E7-6262-EEE9-4731-13BCEFDF702A}.Release|Any CPU.ActiveCfg = Release|Any CPU
		{E032F2E7-6262-EEE9-4731-13BCEFDF702A}.Release|Any CPU.Build.0 = Release|Any CPU
		{A2291698-A25F-4C3D-CD8A-BE5288D4B748}.Debug|Any CPU.ActiveCfg = Debug|Any CPU
		{A2291698-A25F-4C3D-CD8A-BE5288D4B748}.Debug|Any CPU.Build.0 = Debug|Any CPU
		{A2291698-A25F-4C3D-CD8A-BE5288D4B748}.Release|Any CPU.ActiveCfg = Release|Any CPU
		{A2291698-A25F-4C3D-CD8A-BE5288D4B748}.Release|Any CPU.Build.0 = Release|Any CPU
	EndGlobalSection
	GlobalSection(SolutionProperties) = preSolution
		HideSolutionNode = FALSE
	EndGlobalSection
													GlobalSection(MonoDevelopProperties) = preSolution
		StartupItem = Assembly-CSharp.csproj
		Policies = $0
		$0.TextStylePolicy = $1
		$1.inheritsSet = null
		$1.scope = text/x-csharp
		$0.CSharpFormattingPolicy = $2
		$2.inheritsSet = Mono
		$2.inheritsScope = text/x-csharp
		$2.scope = text/x-csharp
		$0.TextStylePolicy = $3
		$3.FileWidth = 120
		$3.TabWidth = 4
		$3.EolMarker = Unix
		$3.inheritsSet = Mono
		$3.inheritsScope = text/plain
		$3.scope = text/plain
	EndGlobalSection

EndGlobal
